
Microsoft Visual Studio Solution File, Format Version 12.00
# Visual Studio Version 17
VisualStudioVersion = 17.11.35327.3
MinimumVisualStudioVersion = 10.0.40219.1
Project("{9A19103F-16F7-4668-BE54-9A1E7A4F7556}") = "VanSalesAPI", "VanSalesAPI\VanSalesAPI.csproj", "{FAAED56C-CABC-4A0D-88BE-626886BA4F21}"
EndProject
Project("{2150E333-8FDC-42A3-9474-1A3956D46DE8}") = "Solution Items", "Solution Items", "{6AC6C453-5EF6-4124-BC59-FBD3946C2C95}"
	ProjectSection(SolutionItems) = preProject
		.editorconfig = .editorconfig
		.gitignore = .gitignore
	EndProjectSection
EndProject
Global
	GlobalSection(SolutionConfigurationPlatforms) = preSolution
		Debug|Any CPU = Debug|Any CPU
		Release|Any CPU = Release|Any CPU
	EndGlobalSection
	GlobalSection(ProjectConfigurationPlatforms) = postSolution
		{FAAED56C-CABC-4A0D-88BE-626886BA4F21}.Debug|Any CPU.ActiveCfg = Debug|Any CPU
		{FAAED56C-CABC-4A0D-88BE-626886BA4F21}.Debug|Any CPU.Build.0 = Debug|Any CPU
		{FAAED56C-CABC-4A0D-88BE-626886BA4F21}.Release|Any CPU.ActiveCfg = Release|Any CPU
		{FAAED56C-CABC-4A0D-88BE-626886BA4F21}.Release|Any CPU.Build.0 = Release|Any CPU
	EndGlobalSection
	GlobalSection(SolutionProperties) = preSolution
		HideSolutionNode = FALSE
	EndGlobalSection
	GlobalSection(ExtensibilityGlobals) = postSolution
		SolutionGuid = {F7902F34-2310-45DA-99D9-D075DA7BE878}
	EndGlobalSection
EndGlobal
